// !$*UTF8*$!
{
	archiveVersion = 1;
	classes = {
	};
	objectVersion = 56;
	objects = {

/* Begin PBXBuildFile section */
		EA1B398C2BF469D400DD464C /* TextureLoader.swift in Sources */ = {isa = PBXBuildFile; fileRef = EA1B398B2BF469D400DD464C /* TextureLoader.swift */; };
		EA1B398E2BF46EA500DD464C /* TextureLibrary.swift in Sources */ = {isa = PBXBuildFile; fileRef = EA1B398D2BF46EA400DD464C /* TextureLibrary.swift */; };
		EA1B39902BF46F4400DD464C /* Texture.swift in Sources */ = {isa = PBXBuildFile; fileRef = EA1B398F2BF46F4400DD464C /* Texture.swift */; };
		EA1C74812BF2CBEC00E8A516 /* CameraConstants.swift in Sources */ = {isa = PBXBuildFile; fileRef = EA1C74802BF2CBEC00E8A516 /* CameraConstants.swift */; };
		EA7A49F12BEECBC8008330CE /* AppDelegate.swift in Sources */ = {isa = PBXBuildFile; fileRef = EA7A49F02BEECBC8008330CE /* AppDelegate.swift */; };
		EA7A49F32BEECBC8008330CE /* GameViewController.swift in Sources */ = {isa = PBXBuildFile; fileRef = EA7A49F22BEECBC8008330CE /* GameViewController.swift */; };
		EA7A49F52BEECBC8008330CE /* Renderer.swift in Sources */ = {isa = PBXBuildFile; fileRef = EA7A49F42BEECBC8008330CE /* Renderer.swift */; };
		EA7A49F72BEECBC8008330CE /* Shaders.metal in Sources */ = {isa = PBXBuildFile; fileRef = EA7A49F62BEECBC8008330CE /* Shaders.metal */; };
		EA7A49FA2BEECBCA008330CE /* Assets.xcassets in Resources */ = {isa = PBXBuildFile; fileRef = EA7A49F92BEECBCA008330CE /* Assets.xcassets */; };
		EA7A49FD2BEECBCA008330CE /* Base in Resources */ = {isa = PBXBuildFile; fileRef = EA7A49FC2BEECBCA008330CE /* Base */; };
		EA7A4A062BEECE30008330CE /* Utils.swift in Sources */ = {isa = PBXBuildFile; fileRef = EA7A4A052BEECE30008330CE /* Utils.swift */; };
		EA7A4A092BEED4B1008330CE /* Entity.swift in Sources */ = {isa = PBXBuildFile; fileRef = EA7A4A082BEED4B1008330CE /* Entity.swift */; };
		EA7A4A0B2BEED5DB008330CE /* GameScene.swift in Sources */ = {isa = PBXBuildFile; fileRef = EA7A4A0A2BEED5DB008330CE /* GameScene.swift */; };
		EA7A4A0E2BEED788008330CE /* Renderable.swift in Sources */ = {isa = PBXBuildFile; fileRef = EA7A4A0D2BEED788008330CE /* Renderable.swift */; };
		EA7A4A112BEF3671008330CE /* Mesh.swift in Sources */ = {isa = PBXBuildFile; fileRef = EA7A4A102BEF3671008330CE /* Mesh.swift */; };
		EA7A4A132BEF36C4008330CE /* Quad.swift in Sources */ = {isa = PBXBuildFile; fileRef = EA7A4A122BEF36C4008330CE /* Quad.swift */; };
		EA7A4A152BEF3797008330CE /* SimpleVertex.swift in Sources */ = {isa = PBXBuildFile; fileRef = EA7A4A142BEF3797008330CE /* SimpleVertex.swift */; };
		EA7A4A172BEF3DA6008330CE /* InstancePayload.swift in Sources */ = {isa = PBXBuildFile; fileRef = EA7A4A162BEF3DA6008330CE /* InstancePayload.swift */; };
		EA7A4A1B2BF1C991008330CE /* OrthographicCamera.swift in Sources */ = {isa = PBXBuildFile; fileRef = EA7A4A1A2BF1C991008330CE /* OrthographicCamera.swift */; };
		EAA217B52BFC4B460001149C /* TIleMapLoader.swift in Sources */ = {isa = PBXBuildFile; fileRef = EAA217B42BFC4B460001149C /* TIleMapLoader.swift */; };
		EAA217B72BFC507E0001149C /* testmap.csv in Resources */ = {isa = PBXBuildFile; fileRef = EAA217B62BFC507E0001149C /* testmap.csv */; };
/* End PBXBuildFile section */

/* Begin PBXFileReference section */
		EA1B398B2BF469D400DD464C /* TextureLoader.swift */ = {isa = PBXFileReference; lastKnownFileType = sourcecode.swift; path = TextureLoader.swift; sourceTree = "<group>"; };
		EA1B398D2BF46EA400DD464C /* TextureLibrary.swift */ = {isa = PBXFileReference; lastKnownFileType = sourcecode.swift; path = TextureLibrary.swift; sourceTree = "<group>"; };
		EA1B398F2BF46F4400DD464C /* Texture.swift */ = {isa = PBXFileReference; lastKnownFileType = sourcecode.swift; path = Texture.swift; sourceTree = "<group>"; };
		EA1C74802BF2CBEC00E8A516 /* CameraConstants.swift */ = {isa = PBXFileReference; lastKnownFileType = sourcecode.swift; path = CameraConstants.swift; sourceTree = "<group>"; };
		EA7A49ED2BEECBC8008330CE /* InstancedRendering.app */ = {isa = PBXFileReference; explicitFileType = wrapper.application; includeInIndex = 0; path = InstancedRendering.app; sourceTree = BUILT_PRODUCTS_DIR; };
		EA7A49F02BEECBC8008330CE /* AppDelegate.swift */ = {isa = PBXFileReference; lastKnownFileType = sourcecode.swift; path = AppDelegate.swift; sourceTree = "<group>"; };
		EA7A49F22BEECBC8008330CE /* GameViewController.swift */ = {isa = PBXFileReference; lastKnownFileType = sourcecode.swift; path = GameViewController.swift; sourceTree = "<group>"; };
		EA7A49F42BEECBC8008330CE /* Renderer.swift */ = {isa = PBXFileReference; lastKnownFileType = sourcecode.swift; path = Renderer.swift; sourceTree = "<group>"; };
		EA7A49F62BEECBC8008330CE /* Shaders.metal */ = {isa = PBXFileReference; lastKnownFileType = sourcecode.metal; path = Shaders.metal; sourceTree = "<group>"; };
		EA7A49F92BEECBCA008330CE /* Assets.xcassets */ = {isa = PBXFileReference; lastKnownFileType = folder.assetcatalog; path = Assets.xcassets; sourceTree = "<group>"; };
		EA7A49FC2BEECBCA008330CE /* Base */ = {isa = PBXFileReference; lastKnownFileType = file.storyboard; name = Base; path = Base.lproj/Main.storyboard; sourceTree = "<group>"; };
		EA7A49FE2BEECBCA008330CE /* InstancedRendering.entitlements */ = {isa = PBXFileReference; lastKnownFileType = text.plist.entitlements; path = InstancedRendering.entitlements; sourceTree = "<group>"; };
		EA7A4A052BEECE30008330CE /* Utils.swift */ = {isa = PBXFileReference; lastKnownFileType = sourcecode.swift; path = Utils.swift; sourceTree = "<group>"; };
		EA7A4A082BEED4B1008330CE /* Entity.swift */ = {isa = PBXFileReference; lastKnownFileType = sourcecode.swift; path = Entity.swift; sourceTree = "<group>"; };
		EA7A4A0A2BEED5DB008330CE /* GameScene.swift */ = {isa = PBXFileReference; lastKnownFileType = sourcecode.swift; path = GameScene.swift; sourceTree = "<group>"; };
		EA7A4A0D2BEED788008330CE /* Renderable.swift */ = {isa = PBXFileReference; lastKnownFileType = sourcecode.swift; path = Renderable.swift; sourceTree = "<group>"; };
		EA7A4A102BEF3671008330CE /* Mesh.swift */ = {isa = PBXFileReference; lastKnownFileType = sourcecode.swift; path = Mesh.swift; sourceTree = "<group>"; };
		EA7A4A122BEF36C4008330CE /* Quad.swift */ = {isa = PBXFileReference; lastKnownFileType = sourcecode.swift; path = Quad.swift; sourceTree = "<group>"; };
		EA7A4A142BEF3797008330CE /* SimpleVertex.swift */ = {isa = PBXFileReference; lastKnownFileType = sourcecode.swift; path = SimpleVertex.swift; sourceTree = "<group>"; };
		EA7A4A162BEF3DA6008330CE /* InstancePayload.swift */ = {isa = PBXFileReference; lastKnownFileType = sourcecode.swift; path = InstancePayload.swift; sourceTree = "<group>"; };
		EA7A4A1A2BF1C991008330CE /* OrthographicCamera.swift */ = {isa = PBXFileReference; lastKnownFileType = sourcecode.swift; path = OrthographicCamera.swift; sourceTree = "<group>"; };
		EAA217B42BFC4B460001149C /* TIleMapLoader.swift */ = {isa = PBXFileReference; lastKnownFileType = sourcecode.swift; path = TIleMapLoader.swift; sourceTree = "<group>"; };
		EAA217B62BFC507E0001149C /* testmap.csv */ = {isa = PBXFileReference; fileEncoding = 4; lastKnownFileType = text; path = testmap.csv; sourceTree = "<group>"; };
/* End PBXFileReference section */

/* Begin PBXFrameworksBuildPhase section */
		EA7A49EA2BEECBC8008330CE /* Frameworks */ = {
			isa = PBXFrameworksBuildPhase;
			buildActionMask = 2147483647;
			files = (
			);
			runOnlyForDeploymentPostprocessing = 0;
		};
/* End PBXFrameworksBuildPhase section */

/* Begin PBXGroup section */
		EA7A49E42BEECBC8008330CE = {
			isa = PBXGroup;
			children = (
				EA7A49EF2BEECBC8008330CE /* InstancedRendering */,
				EA7A49EE2BEECBC8008330CE /* Products */,
			);
			sourceTree = "<group>";
		};
		EA7A49EE2BEECBC8008330CE /* Products */ = {
			isa = PBXGroup;
			children = (
				EA7A49ED2BEECBC8008330CE /* InstancedRendering.app */,
			);
			name = Products;
			sourceTree = "<group>";
		};
		EA7A49EF2BEECBC8008330CE /* InstancedRendering */ = {
			isa = PBXGroup;
			children = (
				EA7A4A0F2BEF3661008330CE /* Utilities */,
				EA7A4A0C2BEED637008330CE /* Types */,
				EA7A4A072BEED4A9008330CE /* Models */,
				EA7A49F02BEECBC8008330CE /* AppDelegate.swift */,
				EA7A49F22BEECBC8008330CE /* GameViewController.swift */,
				EA7A49F42BEECBC8008330CE /* Renderer.swift */,
				EA7A49F62BEECBC8008330CE /* Shaders.metal */,
				EA7A49F92BEECBCA008330CE /* Assets.xcassets */,
				EA7A49FB2BEECBCA008330CE /* Main.storyboard */,
				EA7A49FE2BEECBCA008330CE /* InstancedRendering.entitlements */,
				EA7A4A052BEECE30008330CE /* Utils.swift */,
				EA7A4A0A2BEED5DB008330CE /* GameScene.swift */,
				EAA217B62BFC507E0001149C /* testmap.csv */,
			);
			path = InstancedRendering;
			sourceTree = "<group>";
		};
		EA7A4A072BEED4A9008330CE /* Models */ = {
			isa = PBXGroup;
			children = (
				EA7A4A082BEED4B1008330CE /* Entity.swift */,
				EA7A4A1A2BF1C991008330CE /* OrthographicCamera.swift */,
			);
			path = Models;
			sourceTree = "<group>";
		};
		EA7A4A0C2BEED637008330CE /* Types */ = {
			isa = PBXGroup;
			children = (
				EA7A4A0D2BEED788008330CE /* Renderable.swift */,
				EA7A4A142BEF3797008330CE /* SimpleVertex.swift */,
				EA7A4A162BEF3DA6008330CE /* InstancePayload.swift */,
				EA1C74802BF2CBEC00E8A516 /* CameraConstants.swift */,
				EA1B398F2BF46F4400DD464C /* Texture.swift */,
			);
			path = Types;
			sourceTree = "<group>";
		};
		EA7A4A0F2BEF3661008330CE /* Utilities */ = {
			isa = PBXGroup;
			children = (
				EA7A4A102BEF3671008330CE /* Mesh.swift */,
				EA7A4A122BEF36C4008330CE /* Quad.swift */,
				EA1B398B2BF469D400DD464C /* TextureLoader.swift */,
				EA1B398D2BF46EA400DD464C /* TextureLibrary.swift */,
				EAA217B42BFC4B460001149C /* TIleMapLoader.swift */,
			);
			path = Utilities;
			sourceTree = "<group>";
		};
/* End PBXGroup section */

/* Begin PBXNativeTarget section */
		EA7A49EC2BEECBC8008330CE /* InstancedRendering */ = {
			isa = PBXNativeTarget;
			buildConfigurationList = EA7A4A012BEECBCA008330CE /* Build configuration list for PBXNativeTarget "InstancedRendering" */;
			buildPhases = (
				EA7A49E92BEECBC8008330CE /* Sources */,
				EA7A49EA2BEECBC8008330CE /* Frameworks */,
				EA7A49EB2BEECBC8008330CE /* Resources */,
			);
			buildRules = (
			);
			dependencies = (
			);
			name = InstancedRendering;
			productName = InstancedRendering;
			productReference = EA7A49ED2BEECBC8008330CE /* InstancedRendering.app */;
			productType = "com.apple.product-type.application";
		};
/* End PBXNativeTarget section */

/* Begin PBXProject section */
		EA7A49E52BEECBC8008330CE /* Project object */ = {
			isa = PBXProject;
			attributes = {
				BuildIndependentTargetsInParallel = 1;
				LastSwiftUpdateCheck = 1530;
				LastUpgradeCheck = 1530;
				TargetAttributes = {
					EA7A49EC2BEECBC8008330CE = {
						CreatedOnToolsVersion = 15.3;
					};
				};
			};
			buildConfigurationList = EA7A49E82BEECBC8008330CE /* Build configuration list for PBXProject "InstancedRendering" */;
			compatibilityVersion = "Xcode 14.0";
			developmentRegion = en;
			hasScannedForEncodings = 0;
			knownRegions = (
				en,
				Base,
			);
			mainGroup = EA7A49E42BEECBC8008330CE;
			productRefGroup = EA7A49EE2BEECBC8008330CE /* Products */;
			projectDirPath = "";
			projectRoot = "";
			targets = (
				EA7A49EC2BEECBC8008330CE /* InstancedRendering */,
			);
		};
/* End PBXProject section */

/* Begin PBXResourcesBuildPhase section */
		EA7A49EB2BEECBC8008330CE /* Resources */ = {
			isa = PBXResourcesBuildPhase;
			buildActionMask = 2147483647;
			files = (
				EA7A49FA2BEECBCA008330CE /* Assets.xcassets in Resources */,
				EA7A49FD2BEECBCA008330CE /* Base in Resources */,
				EAA217B72BFC507E0001149C /* testmap.csv in Resources */,
			);
			runOnlyForDeploymentPostprocessing = 0;
		};
/* End PBXResourcesBuildPhase section */

/* Begin PBXSourcesBuildPhase section */
		EA7A49E92BEECBC8008330CE /* Sources */ = {
			isa = PBXSourcesBuildPhase;
			buildActionMask = 2147483647;
			files = (
				EA1C74812BF2CBEC00E8A516 /* CameraConstants.swift in Sources */,
				EA7A4A062BEECE30008330CE /* Utils.swift in Sources */,
				EA7A4A152BEF3797008330CE /* SimpleVertex.swift in Sources */,
				EA7A49F72BEECBC8008330CE /* Shaders.metal in Sources */,
				EA7A4A172BEF3DA6008330CE /* InstancePayload.swift in Sources */,
				EA7A4A1B2BF1C991008330CE /* OrthographicCamera.swift in Sources */,
				EA1B398C2BF469D400DD464C /* TextureLoader.swift in Sources */,
				EA1B39902BF46F4400DD464C /* Texture.swift in Sources */,
				EA7A4A132BEF36C4008330CE /* Quad.swift in Sources */,
				EA7A4A092BEED4B1008330CE /* Entity.swift in Sources */,
				EA7A49F32BEECBC8008330CE /* GameViewController.swift in Sources */,
				EA7A49F52BEECBC8008330CE /* Renderer.swift in Sources */,
				EA1B398E2BF46EA500DD464C /* TextureLibrary.swift in Sources */,
				EA7A4A0B2BEED5DB008330CE /* GameScene.swift in Sources */,
				EAA217B52BFC4B460001149C /* TIleMapLoader.swift in Sources */,
				EA7A4A112BEF3671008330CE /* Mesh.swift in Sources */,
				EA7A49F12BEECBC8008330CE /* AppDelegate.swift in Sources */,
				EA7A4A0E2BEED788008330CE /* Renderable.swift in Sources */,
			);
			runOnlyForDeploymentPostprocessing = 0;
		};
/* End PBXSourcesBuildPhase section */

/* Begin PBXVariantGroup section */
		EA7A49FB2BEECBCA008330CE /* Main.storyboard */ = {
			isa = PBXVariantGroup;
			children = (
				EA7A49FC2BEECBCA008330CE /* Base */,
			);
			name = Main.storyboard;
			sourceTree = "<group>";
		};
/* End PBXVariantGroup section */

/* Begin XCBuildConfiguration section */
		EA7A49FF2BEECBCA008330CE /* Debug */ = {
			isa = XCBuildConfiguration;
			buildSettings = {
				ALWAYS_SEARCH_USER_PATHS = NO;
				ASSETCATALOG_COMPILER_GENERATE_SWIFT_ASSET_SYMBOL_EXTENSIONS = YES;
				CLANG_ANALYZER_NONNULL = YES;
				CLANG_ANALYZER_NUMBER_OBJECT_CONVERSION = YES_AGGRESSIVE;
				CLANG_CXX_LANGUAGE_STANDARD = "gnu++20";
				CLANG_ENABLE_MODULES = YES;
				CLANG_ENABLE_OBJC_ARC = YES;
				CLANG_ENABLE_OBJC_WEAK = YES;
				CLANG_WARN_BLOCK_CAPTURE_AUTORELEASING = YES;
				CLANG_WARN_BOOL_CONVERSION = YES;
				CLANG_WARN_COMMA = YES;
				CLANG_WARN_CONSTANT_CONVERSION = YES;
				CLANG_WARN_DEPRECATED_OBJC_IMPLEMENTATIONS = YES;
				CLANG_WARN_DIRECT_OBJC_ISA_USAGE = YES_ERROR;
				CLANG_WARN_DOCUMENTATION_COMMENTS = YES;
				CLANG_WARN_EMPTY_BODY = YES;
				CLANG_WARN_ENUM_CONVERSION = YES;
				CLANG_WARN_INFINITE_RECURSION = YES;
				CLANG_WARN_INT_CONVERSION = YES;
				CLANG_WARN_NON_LITERAL_NULL_CONVERSION = YES;
				CLANG_WARN_OBJC_IMPLICIT_RETAIN_SELF = YES;
				CLANG_WARN_OBJC_LITERAL_CONVERSION = YES;
				CLANG_WARN_OBJC_ROOT_CLASS = YES_ERROR;
				CLANG_WARN_QUOTED_INCLUDE_IN_FRAMEWORK_HEADER = YES;
				CLANG_WARN_RANGE_LOOP_ANALYSIS = YES;
				CLANG_WARN_STRICT_PROTOTYPES = YES;
				CLANG_WARN_SUSPICIOUS_MOVE = YES;
				CLANG_WARN_UNGUARDED_AVAILABILITY = YES_AGGRESSIVE;
				CLANG_WARN_UNREACHABLE_CODE = YES;
				CLANG_WARN__DUPLICATE_METHOD_MATCH = YES;
				COPY_PHASE_STRIP = NO;
				DEBUG_INFORMATION_FORMAT = dwarf;
				ENABLE_STRICT_OBJC_MSGSEND = YES;
				ENABLE_TESTABILITY = YES;
				ENABLE_USER_SCRIPT_SANDBOXING = YES;
				GCC_C_LANGUAGE_STANDARD = gnu17;
				GCC_DYNAMIC_NO_PIC = NO;
				GCC_NO_COMMON_BLOCKS = YES;
				GCC_OPTIMIZATION_LEVEL = 0;
				GCC_PREPROCESSOR_DEFINITIONS = (
					"DEBUG=1",
					"$(inherited)",
				);
				GCC_WARN_64_TO_32_BIT_CONVERSION = YES;
				GCC_WARN_ABOUT_RETURN_TYPE = YES_ERROR;
				GCC_WARN_UNDECLARED_SELECTOR = YES;
				GCC_WARN_UNINITIALIZED_AUTOS = YES_AGGRESSIVE;
				GCC_WARN_UNUSED_FUNCTION = YES;
				GCC_WARN_UNUSED_VARIABLE = YES;
				LOCALIZATION_PREFERS_STRING_CATALOGS = YES;
				MACOSX_DEPLOYMENT_TARGET = 14.4;
				MTL_ENABLE_DEBUG_INFO = INCLUDE_SOURCE;
				MTL_FAST_MATH = YES;
				ONLY_ACTIVE_ARCH = YES;
				SDKROOT = macosx;
				SWIFT_ACTIVE_COMPILATION_CONDITIONS = "DEBUG $(inherited)";
				SWIFT_OPTIMIZATION_LEVEL = "-Onone";
			};
			name = Debug;
		};
		EA7A4A002BEECBCA008330CE /* Release */ = {
			isa = XCBuildConfiguration;
			buildSettings = {
				ALWAYS_SEARCH_USER_PATHS = NO;
				ASSETCATALOG_COMPILER_GENERATE_SWIFT_ASSET_SYMBOL_EXTENSIONS = YES;
				CLANG_ANALYZER_NONNULL = YES;
				CLANG_ANALYZER_NUMBER_OBJECT_CONVERSION = YES_AGGRESSIVE;
				CLANG_CXX_LANGUAGE_STANDARD = "gnu++20";
				CLANG_ENABLE_MODULES = YES;
				CLANG_ENABLE_OBJC_ARC = YES;
				CLANG_ENABLE_OBJC_WEAK = YES;
				CLANG_WARN_BLOCK_CAPTURE_AUTORELEASING = YES;
				CLANG_WARN_BOOL_CONVERSION = YES;
				CLANG_WARN_COMMA = YES;
				CLANG_WARN_CONSTANT_CONVERSION = YES;
				CLANG_WARN_DEPRECATED_OBJC_IMPLEMENTATIONS = YES;
				CLANG_WARN_DIRECT_OBJC_ISA_USAGE = YES_ERROR;
				CLANG_WARN_DOCUMENTATION_COMMENTS = YES;
				CLANG_WARN_EMPTY_BODY = YES;
				CLANG_WARN_ENUM_CONVERSION = YES;
				CLANG_WARN_INFINITE_RECURSION = YES;
				CLANG_WARN_INT_CONVERSION = YES;
				CLANG_WARN_NON_LITERAL_NULL_CONVERSION = YES;
				CLANG_WARN_OBJC_IMPLICIT_RETAIN_SELF = YES;
				CLANG_WARN_OBJC_LITERAL_CONVERSION = YES;
				CLANG_WARN_OBJC_ROOT_CLASS = YES_ERROR;
				CLANG_WARN_QUOTED_INCLUDE_IN_FRAMEWORK_HEADER = YES;
				CLANG_WARN_RANGE_LOOP_ANALYSIS = YES;
				CLANG_WARN_STRICT_PROTOTYPES = YES;
				CLANG_WARN_SUSPICIOUS_MOVE = YES;
				CLANG_WARN_UNGUARDED_AVAILABILITY = YES_AGGRESSIVE;
				CLANG_WARN_UNREACHABLE_CODE = YES;
				CLANG_WARN__DUPLICATE_METHOD_MATCH = YES;
				COPY_PHASE_STRIP = NO;
				DEBUG_INFORMATION_FORMAT = "dwarf-with-dsym";
				ENABLE_NS_ASSERTIONS = NO;
				ENABLE_STRICT_OBJC_MSGSEND = YES;
				ENABLE_USER_SCRIPT_SANDBOXING = YES;
				GCC_C_LANGUAGE_STANDARD = gnu17;
				GCC_NO_COMMON_BLOCKS = YES;
				GCC_WARN_64_TO_32_BIT_CONVERSION = YES;
				GCC_WARN_ABOUT_RETURN_TYPE = YES_ERROR;
				GCC_WARN_UNDECLARED_SELECTOR = YES;
				GCC_WARN_UNINITIALIZED_AUTOS = YES_AGGRESSIVE;
				GCC_WARN_UNUSED_FUNCTION = YES;
				GCC_WARN_UNUSED_VARIABLE = YES;
				LOCALIZATION_PREFERS_STRING_CATALOGS = YES;
				MACOSX_DEPLOYMENT_TARGET = 14.4;
				MTL_ENABLE_DEBUG_INFO = NO;
				MTL_FAST_MATH = YES;
				SDKROOT = macosx;
				SWIFT_COMPILATION_MODE = wholemodule;
			};
			name = Release;
		};
		EA7A4A022BEECBCA008330CE /* Debug */ = {
			isa = XCBuildConfiguration;
			buildSettings = {
				ASSETCATALOG_COMPILER_APPICON_NAME = AppIcon;
				ASSETCATALOG_COMPILER_GLOBAL_ACCENT_COLOR_NAME = AccentColor;
				CODE_SIGN_ENTITLEMENTS = InstancedRendering/InstancedRendering.entitlements;
				CODE_SIGN_STYLE = Automatic;
				COMBINE_HIDPI_IMAGES = YES;
				CURRENT_PROJECT_VERSION = 1;
				DEVELOPMENT_TEAM = 5WR52D9YHX;
				GENERATE_INFOPLIST_FILE = YES;
				INFOPLIST_KEY_NSHumanReadableCopyright = "";
				INFOPLIST_KEY_NSMainStoryboardFile = Main;
				INFOPLIST_KEY_NSPrincipalClass = NSApplication;
				LD_RUNPATH_SEARCH_PATHS = (
					"$(inherited)",
					"@executable_path/../Frameworks",
				);
				MARKETING_VERSION = 1.0;
				PRODUCT_BUNDLE_IDENTIFIER = com.enigmaticbits.InstancedRendering;
				PRODUCT_NAME = "$(TARGET_NAME)";
				SWIFT_EMIT_LOC_STRINGS = YES;
				SWIFT_OBJC_BRIDGING_HEADER = "";
				SWIFT_VERSION = 5.0;
			};
			name = Debug;
		};
		EA7A4A032BEECBCA008330CE /* Release */ = {
			isa = XCBuildConfiguration;
			buildSettings = {
				ASSETCATALOG_COMPILER_APPICON_NAME = AppIcon;
				ASSETCATALOG_COMPILER_GLOBAL_ACCENT_COLOR_NAME = AccentColor;
				CODE_SIGN_ENTITLEMENTS = InstancedRendering/InstancedRendering.entitlements;
				CODE_SIGN_STYLE = Automatic;
				COMBINE_HIDPI_IMAGES = YES;
				CURRENT_PROJECT_VERSION = 1;
				DEVELOPMENT_TEAM = 5WR52D9YHX;
				GENERATE_INFOPLIST_FILE = YES;
				INFOPLIST_KEY_NSHumanReadableCopyright = "";
				INFOPLIST_KEY_NSMainStoryboardFile = Main;
				INFOPLIST_KEY_NSPrincipalClass = NSApplication;
				LD_RUNPATH_SEARCH_PATHS = (
					"$(inherited)",
					"@executable_path/../Frameworks",
				);
				MARKETING_VERSION = 1.0;
				PRODUCT_BUNDLE_IDENTIFIER = com.enigmaticbits.InstancedRendering;
				PRODUCT_NAME = "$(TARGET_NAME)";
				SWIFT_EMIT_LOC_STRINGS = YES;
				SWIFT_OBJC_BRIDGING_HEADER = "";
				SWIFT_VERSION = 5.0;
			};
			name = Release;
		};
/* End XCBuildConfiguration section */

/* Begin XCConfigurationList section */
		EA7A49E82BEECBC8008330CE /* Build configuration list for PBXProject "InstancedRendering" */ = {
			isa = XCConfigurationList;
			buildConfigurations = (
				EA7A49FF2BEECBCA008330CE /* Debug */,
				EA7A4A002BEECBCA008330CE /* Release */,
			);
			defaultConfigurationIsVisible = 0;
			defaultConfigurationName = Release;
		};
		EA7A4A012BEECBCA008330CE /* Build configuration list for PBXNativeTarget "InstancedRendering" */ = {
			isa = XCConfigurationList;
			buildConfigurations = (
				EA7A4A022BEECBCA008330CE /* Debug */,
				EA7A4A032BEECBCA008330CE /* Release */,
			);
			defaultConfigurationIsVisible = 0;
			defaultConfigurationName = Release;
		};
/* End XCConfigurationList section */
	};
	rootObject = EA7A49E52BEECBC8008330CE /* Project object */;
}
